
Microsoft Visual Studio Solution File, Format Version 12.00
# Visual Studio Version 17
VisualStudioVersion = 17.8.34511.84
MinimumVisualStudioVersion = 10.0.40219.1
Project("{FAE04EC0-301F-11D3-BF4B-00C04F79EFBC}") = "COMP003B.Lecture2", "COMP003B.Lecture2\COMP003B.Lecture2.csproj", "{22943D62-4870-44F9-B9A1-0DB0ACCDBAAD}"
EndProject
Global
	GlobalSection(SolutionConfigurationPlatforms) = preSolution
		Debug|Any CPU = Debug|Any CPU
		Release|Any CPU = Release|Any CPU
	EndGlobalSection
	GlobalSection(ProjectConfigurationPlatforms) = postSolution
		{22943D62-4870-44F9-B9A1-0DB0ACCDBAAD}.Debug|Any CPU.ActiveCfg = Debug|Any CPU
		{22943D62-4870-44F9-B9A1-0DB0ACCDBAAD}.Debug|Any CPU.Build.0 = Debug|Any CPU
		{22943D62-4870-44F9-B9A1-0DB0ACCDBAAD}.Release|Any CPU.ActiveCfg = Release|Any CPU
		{22943D62-4870-44F9-B9A1-0DB0ACCDBAAD}.Release|Any CPU.Build.0 = Release|Any CPU
	EndGlobalSection
	GlobalSection(SolutionProperties) = preSolution
		HideSolutionNode = FALSE
	EndGlobalSection
	GlobalSection(ExtensibilityGlobals) = postSolution
		SolutionGuid = {2359BE18-6348-45DD-A670-2933C66BDCE1}
	EndGlobalSection
EndGlobal
